
Microsoft Visual Studio Solution File, Format Version 12.00
# Visual Studio Version 17
VisualStudioVersion = 17.7.34024.191
MinimumVisualStudioVersion = 10.0.40219.1
Project("{FAE04EC0-301F-11D3-BF4B-00C04F79EFBC}") = "Threads", "Threads.csproj", "{C3C3BB96-4468-4A7D-89C9-C6EEB730CA5E}"
EndProject
Global
	GlobalSection(SolutionConfigurationPlatforms) = preSolution
		Debug|Any CPU = Debug|Any CPU
		Release|Any CPU = Release|Any CPU
	EndGlobalSection
	GlobalSection(ProjectConfigurationPlatforms) = postSolution
		{C3C3BB96-4468-4A7D-89C9-C6EEB730CA5E}.Debug|Any CPU.ActiveCfg = Debug|Any CPU
		{C3C3BB96-4468-4A7D-89C9-C6EEB730CA5E}.Debug|Any CPU.Build.0 = Debug|Any CPU
		{C3C3BB96-4468-4A7D-89C9-C6EEB730CA5E}.Release|Any CPU.ActiveCfg = Release|Any CPU
		{C3C3BB96-4468-4A7D-89C9-C6EEB730CA5E}.Release|Any CPU.Build.0 = Release|Any CPU
	EndGlobalSection
	GlobalSection(SolutionProperties) = preSolution
		HideSolutionNode = FALSE
	EndGlobalSection
	GlobalSection(ExtensibilityGlobals) = postSolution
		SolutionGuid = {96B49A97-C3C5-45CE-A3C7-D2CD6DF552B3}
	EndGlobalSection
EndGlobal
